
Microsoft Visual Studio Solution File, Format Version 12.00
# Visual Studio Version 17
VisualStudioVersion = 17.1.32319.34
MinimumVisualStudioVersion = 10.0.40219.1
Project("{9A19103F-16F7-4668-BE54-9A1E7A4F7556}") = "EffiFood", "EffiFood\EffiFood.csproj", "{245E5DFD-B040-40E6-92C7-59CDAEE5941A}"
EndProject
Project("{2150E333-8FDC-42A3-9474-1A3956D46DE8}") = "Solution Items", "Solution Items", "{FAEF1042-D565-4278-858F-4FF6604E4A6F}"
	ProjectSection(SolutionItems) = preProject
		.editorconfig = .editorconfig
	EndProjectSection
EndProject
Global
	GlobalSection(SolutionConfigurationPlatforms) = preSolution
		Debug|Any CPU = Debug|Any CPU
		Release|Any CPU = Release|Any CPU
	EndGlobalSection
	GlobalSection(ProjectConfigurationPlatforms) = postSolution
		{245E5DFD-B040-40E6-92C7-59CDAEE5941A}.Debug|Any CPU.ActiveCfg = Debug|Any CPU
		{245E5DFD-B040-40E6-92C7-59CDAEE5941A}.Debug|Any CPU.Build.0 = Debug|Any CPU
		{245E5DFD-B040-40E6-92C7-59CDAEE5941A}.Release|Any CPU.ActiveCfg = Release|Any CPU
		{245E5DFD-B040-40E6-92C7-59CDAEE5941A}.Release|Any CPU.Build.0 = Release|Any CPU
	EndGlobalSection
	GlobalSection(SolutionProperties) = preSolution
		HideSolutionNode = FALSE
	EndGlobalSection
	GlobalSection(ExtensibilityGlobals) = postSolution
		SolutionGuid = {5F6EEE8B-3E0C-47BC-890F-7E69D9A0BEFE}
	EndGlobalSection
EndGlobal
